
Microsoft Visual Studio Solution File, Format Version 12.00
# Visual Studio Version 16
VisualStudioVersion = 16.0.29209.62
MinimumVisualStudioVersion = 10.0.40219.1
Project("{9A19103F-16F7-4668-BE54-9A1E7A4F7556}") = "Soloplan.WhatsON", "Soloplan.WhatsON\Soloplan.WhatsON.csproj", "{C5EEC17B-E8A9-4CD2-BE0B-491E70D9F511}"
EndProject
Project("{9A19103F-16F7-4668-BE54-9A1E7A4F7556}") = "Soloplan.WhatsON.Jenkins", "Soloplan.WhatsON.Jenkins\Soloplan.WhatsON.Jenkins.csproj", "{ED2AE201-2F23-44D3-A98A-CEDB0F2C6003}"
EndProject
Project("{FAE04EC0-301F-11D3-BF4B-00C04F79EFBC}") = "Soloplan.WhatsON.GUI", "Soloplan.WhatsON.GUI\Soloplan.WhatsON.GUI.csproj", "{BB65378F-518E-43E4-A374-592A9FE88E51}"
	ProjectSection(ProjectDependencies) = postProject
		{5343A313-4D8D-4B14-8DF4-B575F8E06E74} = {5343A313-4D8D-4B14-8DF4-B575F8E06E74}
		{D97A8094-EF1F-4CF7-8511-3619B2BAF31A} = {D97A8094-EF1F-4CF7-8511-3619B2BAF31A}
	EndProjectSection
EndProject
Project("{FAE04EC0-301F-11D3-BF4B-00C04F79EFBC}") = "Soloplan.WhatsON.Jenkins.GUI", "Soloplan.WhatsON.Jenkins.GUI\Soloplan.WhatsON.Jenkins.GUI.csproj", "{D97A8094-EF1F-4CF7-8511-3619B2BAF31A}"
EndProject
Project("{9A19103F-16F7-4668-BE54-9A1E7A4F7556}") = "Soloplan.WhatsON.Jenkins.Tests", "Soloplan.WhatsON.Jenkins.Tests\Soloplan.WhatsON.Jenkins.Tests.csproj", "{09784F4C-4E89-4AF4-B913-9F05AD714090}"
EndProject
Project("{9A19103F-16F7-4668-BE54-9A1E7A4F7556}") = "Soloplan.WhatsON.CruiseControl", "Soloplan.WhatsON.CruiseControl\Soloplan.WhatsON.CruiseControl.csproj", "{9072C11E-ED76-4CF8-83A2-FD87E8D43381}"
EndProject
Project("{FAE04EC0-301F-11D3-BF4B-00C04F79EFBC}") = "Soloplan.WhatsON.GUI.Common", "Soloplan.WhatsON.GUI.Common\Soloplan.WhatsON.GUI.Common.csproj", "{8659027C-E4DA-40D3-B081-FFF37BDFD73F}"
EndProject
Project("{FAE04EC0-301F-11D3-BF4B-00C04F79EFBC}") = "Soloplan.WhatsON.CruiseControl.GUI", "Soloplan.WhatsON.CruiseControl.GUI\Soloplan.WhatsON.CruiseControl.GUI.csproj", "{5343A313-4D8D-4B14-8DF4-B575F8E06E74}"
EndProject
Project("{9A19103F-16F7-4668-BE54-9A1E7A4F7556}") = "Soloplan.WhatsON.GUI.Tests", "Soloplan.WhatsON.GUI\Tests\Soloplan.WhatsON.GUI.Tests.csproj", "{7A413D70-1B2A-4118-ADEE-09A86D6D5C34}"
EndProject
Global
	GlobalSection(SolutionConfigurationPlatforms) = preSolution
		Debug|Any CPU = Debug|Any CPU
		Release|Any CPU = Release|Any CPU
	EndGlobalSection
	GlobalSection(ProjectConfigurationPlatforms) = postSolution
		{C5EEC17B-E8A9-4CD2-BE0B-491E70D9F511}.Debug|Any CPU.ActiveCfg = Debug|Any CPU
		{C5EEC17B-E8A9-4CD2-BE0B-491E70D9F511}.Debug|Any CPU.Build.0 = Debug|Any CPU
		{C5EEC17B-E8A9-4CD2-BE0B-491E70D9F511}.Release|Any CPU.ActiveCfg = Release|Any CPU
		{C5EEC17B-E8A9-4CD2-BE0B-491E70D9F511}.Release|Any CPU.Build.0 = Release|Any CPU
		{ED2AE201-2F23-44D3-A98A-CEDB0F2C6003}.Debug|Any CPU.ActiveCfg = Debug|Any CPU
		{ED2AE201-2F23-44D3-A98A-CEDB0F2C6003}.Debug|Any CPU.Build.0 = Debug|Any CPU
		{ED2AE201-2F23-44D3-A98A-CEDB0F2C6003}.Release|Any CPU.ActiveCfg = Release|Any CPU
		{ED2AE201-2F23-44D3-A98A-CEDB0F2C6003}.Release|Any CPU.Build.0 = Release|Any CPU
		{BB65378F-518E-43E4-A374-592A9FE88E51}.Debug|Any CPU.ActiveCfg = Debug|Any CPU
		{BB65378F-518E-43E4-A374-592A9FE88E51}.Debug|Any CPU.Build.0 = Debug|Any CPU
		{BB65378F-518E-43E4-A374-592A9FE88E51}.Release|Any CPU.ActiveCfg = Release|Any CPU
		{BB65378F-518E-43E4-A374-592A9FE88E51}.Release|Any CPU.Build.0 = Release|Any CPU
		{D97A8094-EF1F-4CF7-8511-3619B2BAF31A}.Debug|Any CPU.ActiveCfg = Debug|Any CPU
		{D97A8094-EF1F-4CF7-8511-3619B2BAF31A}.Debug|Any CPU.Build.0 = Debug|Any CPU
		{D97A8094-EF1F-4CF7-8511-3619B2BAF31A}.Release|Any CPU.ActiveCfg = Release|Any CPU
		{D97A8094-EF1F-4CF7-8511-3619B2BAF31A}.Release|Any CPU.Build.0 = Release|Any CPU
		{09784F4C-4E89-4AF4-B913-9F05AD714090}.Debug|Any CPU.ActiveCfg = Debug|Any CPU
		{09784F4C-4E89-4AF4-B913-9F05AD714090}.Debug|Any CPU.Build.0 = Debug|Any CPU
		{09784F4C-4E89-4AF4-B913-9F05AD714090}.Release|Any CPU.ActiveCfg = Release|Any CPU
		{09784F4C-4E89-4AF4-B913-9F05AD714090}.Release|Any CPU.Build.0 = Release|Any CPU
		{9072C11E-ED76-4CF8-83A2-FD87E8D43381}.Debug|Any CPU.ActiveCfg = Debug|Any CPU
		{9072C11E-ED76-4CF8-83A2-FD87E8D43381}.Debug|Any CPU.Build.0 = Debug|Any CPU
		{9072C11E-ED76-4CF8-83A2-FD87E8D43381}.Release|Any CPU.ActiveCfg = Release|Any CPU
		{9072C11E-ED76-4CF8-83A2-FD87E8D43381}.Release|Any CPU.Build.0 = Release|Any CPU
		{8659027C-E4DA-40D3-B081-FFF37BDFD73F}.Debug|Any CPU.ActiveCfg = Debug|Any CPU
		{8659027C-E4DA-40D3-B081-FFF37BDFD73F}.Debug|Any CPU.Build.0 = Debug|Any CPU
		{8659027C-E4DA-40D3-B081-FFF37BDFD73F}.Release|Any CPU.ActiveCfg = Release|Any CPU
		{8659027C-E4DA-40D3-B081-FFF37BDFD73F}.Release|Any CPU.Build.0 = Release|Any CPU
		{5343A313-4D8D-4B14-8DF4-B575F8E06E74}.Debug|Any CPU.ActiveCfg = Debug|Any CPU
		{5343A313-4D8D-4B14-8DF4-B575F8E06E74}.Debug|Any CPU.Build.0 = Debug|Any CPU
		{5343A313-4D8D-4B14-8DF4-B575F8E06E74}.Release|Any CPU.ActiveCfg = Release|Any CPU
		{5343A313-4D8D-4B14-8DF4-B575F8E06E74}.Release|Any CPU.Build.0 = Release|Any CPU
		{7A413D70-1B2A-4118-ADEE-09A86D6D5C34}.Debug|Any CPU.ActiveCfg = Debug|Any CPU
		{7A413D70-1B2A-4118-ADEE-09A86D6D5C34}.Debug|Any CPU.Build.0 = Debug|Any CPU
		{7A413D70-1B2A-4118-ADEE-09A86D6D5C34}.Release|Any CPU.ActiveCfg = Release|Any CPU
		{7A413D70-1B2A-4118-ADEE-09A86D6D5C34}.Release|Any CPU.Build.0 = Release|Any CPU
	EndGlobalSection
	GlobalSection(SolutionProperties) = preSolution
		HideSolutionNode = FALSE
	EndGlobalSection
	GlobalSection(ExtensibilityGlobals) = postSolution
		SolutionGuid = {12F1FD28-C3DA-4E79-B1AB-CBD4EE7F10C3}
	EndGlobalSection
EndGlobal
