
Microsoft Visual Studio Solution File, Format Version 12.00
# Visual Studio 15
VisualStudioVersion = 15.0.28307.329
MinimumVisualStudioVersion = 10.0.40219.1
Project("{9A19103F-16F7-4668-BE54-9A1E7A4F7556}") = "Soloplan.WhatsON", "Soloplan.WhatsON\Soloplan.WhatsON.csproj", "{C5EEC17B-E8A9-4CD2-BE0B-491E70D9F511}"
EndProject
Project("{FAE04EC0-301F-11D3-BF4B-00C04F79EFBC}") = "Soloplan.WhatsON.CLI", "Soloplan.WhatsON.CLI\Soloplan.WhatsON.CLI.csproj", "{26E4594D-FB62-44AF-AE11-7800A2C0789B}"
EndProject
Project("{9A19103F-16F7-4668-BE54-9A1E7A4F7556}") = "Soloplan.WhatsON.ServerHealth", "Soloplan.WhatsON.ServerHealth\Soloplan.WhatsON.ServerHealth.csproj", "{1EFDF62C-568C-49BA-8D1D-3B0B05945271}"
EndProject
Project("{9A19103F-16F7-4668-BE54-9A1E7A4F7556}") = "Soloplan.WhatsON.Jenkins", "Soloplan.WhatsON.Jenkins\Soloplan.WhatsON.Jenkins.csproj", "{ED2AE201-2F23-44D3-A98A-CEDB0F2C6003}"
EndProject
Project("{9A19103F-16F7-4668-BE54-9A1E7A4F7556}") = "Soloplan.WhatsON.ServerBase", "Soloplan.WhatsON.ServerBase\Soloplan.WhatsON.ServerBase.csproj", "{4FF2C930-A740-4323-B63F-0D7B773E4355}"
EndProject
Project("{FAE04EC0-301F-11D3-BF4B-00C04F79EFBC}") = "Soloplan.WhatsON.GUI", "Soloplan.WhatsON.GUI\Soloplan.WhatsON.GUI.csproj", "{BB65378F-518E-43E4-A374-592A9FE88E51}"
EndProject
Global
	GlobalSection(SolutionConfigurationPlatforms) = preSolution
		Debug|Any CPU = Debug|Any CPU
		Release|Any CPU = Release|Any CPU
	EndGlobalSection
	GlobalSection(ProjectConfigurationPlatforms) = postSolution
		{C5EEC17B-E8A9-4CD2-BE0B-491E70D9F511}.Debug|Any CPU.ActiveCfg = Debug|Any CPU
		{C5EEC17B-E8A9-4CD2-BE0B-491E70D9F511}.Debug|Any CPU.Build.0 = Debug|Any CPU
		{C5EEC17B-E8A9-4CD2-BE0B-491E70D9F511}.Release|Any CPU.ActiveCfg = Release|Any CPU
		{C5EEC17B-E8A9-4CD2-BE0B-491E70D9F511}.Release|Any CPU.Build.0 = Release|Any CPU
		{26E4594D-FB62-44AF-AE11-7800A2C0789B}.Debug|Any CPU.ActiveCfg = Debug|Any CPU
		{26E4594D-FB62-44AF-AE11-7800A2C0789B}.Debug|Any CPU.Build.0 = Debug|Any CPU
		{26E4594D-FB62-44AF-AE11-7800A2C0789B}.Release|Any CPU.ActiveCfg = Release|Any CPU
		{26E4594D-FB62-44AF-AE11-7800A2C0789B}.Release|Any CPU.Build.0 = Release|Any CPU
		{1EFDF62C-568C-49BA-8D1D-3B0B05945271}.Debug|Any CPU.ActiveCfg = Debug|Any CPU
		{1EFDF62C-568C-49BA-8D1D-3B0B05945271}.Debug|Any CPU.Build.0 = Debug|Any CPU
		{1EFDF62C-568C-49BA-8D1D-3B0B05945271}.Release|Any CPU.ActiveCfg = Release|Any CPU
		{1EFDF62C-568C-49BA-8D1D-3B0B05945271}.Release|Any CPU.Build.0 = Release|Any CPU
		{ED2AE201-2F23-44D3-A98A-CEDB0F2C6003}.Debug|Any CPU.ActiveCfg = Debug|Any CPU
		{ED2AE201-2F23-44D3-A98A-CEDB0F2C6003}.Debug|Any CPU.Build.0 = Debug|Any CPU
		{ED2AE201-2F23-44D3-A98A-CEDB0F2C6003}.Release|Any CPU.ActiveCfg = Release|Any CPU
		{ED2AE201-2F23-44D3-A98A-CEDB0F2C6003}.Release|Any CPU.Build.0 = Release|Any CPU
		{4FF2C930-A740-4323-B63F-0D7B773E4355}.Debug|Any CPU.ActiveCfg = Debug|Any CPU
		{4FF2C930-A740-4323-B63F-0D7B773E4355}.Debug|Any CPU.Build.0 = Debug|Any CPU
		{4FF2C930-A740-4323-B63F-0D7B773E4355}.Release|Any CPU.ActiveCfg = Release|Any CPU
		{4FF2C930-A740-4323-B63F-0D7B773E4355}.Release|Any CPU.Build.0 = Release|Any CPU
		{BB65378F-518E-43E4-A374-592A9FE88E51}.Debug|Any CPU.ActiveCfg = Debug|Any CPU
		{BB65378F-518E-43E4-A374-592A9FE88E51}.Debug|Any CPU.Build.0 = Debug|Any CPU
		{BB65378F-518E-43E4-A374-592A9FE88E51}.Release|Any CPU.ActiveCfg = Release|Any CPU
		{BB65378F-518E-43E4-A374-592A9FE88E51}.Release|Any CPU.Build.0 = Release|Any CPU
	EndGlobalSection
	GlobalSection(SolutionProperties) = preSolution
		HideSolutionNode = FALSE
	EndGlobalSection
	GlobalSection(ExtensibilityGlobals) = postSolution
		SolutionGuid = {12F1FD28-C3DA-4E79-B1AB-CBD4EE7F10C3}
	EndGlobalSection
EndGlobal
