
Microsoft Visual Studio Solution File, Format Version 12.00
# Visual Studio Version 16
VisualStudioVersion = 16.0.29209.62
MinimumVisualStudioVersion = 10.0.40219.1
Project("{9A19103F-16F7-4668-BE54-9A1E7A4F7556}") = "Soloplan.WhatsON", "Soloplan.WhatsON\Soloplan.WhatsON.csproj", "{C5EEC17B-E8A9-4CD2-BE0B-491E70D9F511}"
EndProject
Project("{9A19103F-16F7-4668-BE54-9A1E7A4F7556}") = "Soloplan.WhatsON.Jenkins", "Soloplan.WhatsON.Jenkins\Soloplan.WhatsON.Jenkins.csproj", "{ED2AE201-2F23-44D3-A98A-CEDB0F2C6003}"
EndProject
Project("{FAE04EC0-301F-11D3-BF4B-00C04F79EFBC}") = "Soloplan.WhatsON.GUI", "Soloplan.WhatsON.GUI\Soloplan.WhatsON.GUI.csproj", "{BB65378F-518E-43E4-A374-592A9FE88E51}"
	ProjectSection(ProjectDependencies) = postProject
		{ED2AE201-2F23-44D3-A98A-CEDB0F2C6003} = {ED2AE201-2F23-44D3-A98A-CEDB0F2C6003}
		{5343A313-4D8D-4B14-8DF4-B575F8E06E74} = {5343A313-4D8D-4B14-8DF4-B575F8E06E74}
		{9072C11E-ED76-4CF8-83A2-FD87E8D43381} = {9072C11E-ED76-4CF8-83A2-FD87E8D43381}
		{09784F4C-4E89-4AF4-B913-9F05AD714090} = {09784F4C-4E89-4AF4-B913-9F05AD714090}
		{D97A8094-EF1F-4CF7-8511-3619B2BAF31A} = {D97A8094-EF1F-4CF7-8511-3619B2BAF31A}
	EndProjectSection
EndProject
Project("{FAE04EC0-301F-11D3-BF4B-00C04F79EFBC}") = "Soloplan.WhatsON.Jenkins.GUI", "Soloplan.WhatsON.Jenkins.GUI\Soloplan.WhatsON.Jenkins.GUI.csproj", "{D97A8094-EF1F-4CF7-8511-3619B2BAF31A}"
EndProject
Project("{9A19103F-16F7-4668-BE54-9A1E7A4F7556}") = "Soloplan.WhatsON.Jenkins.Tests", "Soloplan.WhatsON.Jenkins.Tests\Soloplan.WhatsON.Jenkins.Tests.csproj", "{09784F4C-4E89-4AF4-B913-9F05AD714090}"
EndProject
Project("{9A19103F-16F7-4668-BE54-9A1E7A4F7556}") = "Soloplan.WhatsON.CruiseControl", "Soloplan.WhatsON.CruiseControl\Soloplan.WhatsON.CruiseControl.csproj", "{9072C11E-ED76-4CF8-83A2-FD87E8D43381}"
EndProject
Project("{FAE04EC0-301F-11D3-BF4B-00C04F79EFBC}") = "Soloplan.WhatsON.GUI.Common", "Soloplan.WhatsON.GUI.Common\Soloplan.WhatsON.GUI.Common.csproj", "{8659027C-E4DA-40D3-B081-FFF37BDFD73F}"
EndProject
Project("{FAE04EC0-301F-11D3-BF4B-00C04F79EFBC}") = "Soloplan.WhatsON.CruiseControl.GUI", "Soloplan.WhatsON.CruiseControl.GUI\Soloplan.WhatsON.CruiseControl.GUI.csproj", "{5343A313-4D8D-4B14-8DF4-B575F8E06E74}"
EndProject
Project("{9A19103F-16F7-4668-BE54-9A1E7A4F7556}") = "Soloplan.WhatsON.GUI.Tests", "Soloplan.WhatsON.GUI\Tests\Soloplan.WhatsON.GUI.Tests.csproj", "{7A413D70-1B2A-4118-ADEE-09A86D6D5C34}"
EndProject
Project("{C7167F0D-BC9F-4E6E-AFE1-012C56B48DB5}") = "Soloplan.WhatsON.GUI.Startup", "Soloplan.WhatsON.GUI.Startup\Soloplan.WhatsON.GUI.Startup.wapproj", "{91307FB8-11E4-4265-8037-C21EA67915CA}"
EndProject
Global
	GlobalSection(SolutionConfigurationPlatforms) = preSolution
		All|Any CPU = All|Any CPU
		All|ARM = All|ARM
		All|ARM64 = All|ARM64
		All|x64 = All|x64
		All|x86 = All|x86
		Debug|Any CPU = Debug|Any CPU
		Debug|ARM = Debug|ARM
		Debug|ARM64 = Debug|ARM64
		Debug|x64 = Debug|x64
		Debug|x86 = Debug|x86
		Release|Any CPU = Release|Any CPU
		Release|ARM = Release|ARM
		Release|ARM64 = Release|ARM64
		Release|x64 = Release|x64
		Release|x86 = Release|x86
	EndGlobalSection
	GlobalSection(ProjectConfigurationPlatforms) = postSolution
		{C5EEC17B-E8A9-4CD2-BE0B-491E70D9F511}.All|Any CPU.ActiveCfg = Release|Any CPU
		{C5EEC17B-E8A9-4CD2-BE0B-491E70D9F511}.All|Any CPU.Build.0 = Release|Any CPU
		{C5EEC17B-E8A9-4CD2-BE0B-491E70D9F511}.All|ARM.ActiveCfg = Release|Any CPU
		{C5EEC17B-E8A9-4CD2-BE0B-491E70D9F511}.All|ARM.Build.0 = Release|Any CPU
		{C5EEC17B-E8A9-4CD2-BE0B-491E70D9F511}.All|ARM64.ActiveCfg = Release|Any CPU
		{C5EEC17B-E8A9-4CD2-BE0B-491E70D9F511}.All|ARM64.Build.0 = Release|Any CPU
		{C5EEC17B-E8A9-4CD2-BE0B-491E70D9F511}.All|x64.ActiveCfg = Release|Any CPU
		{C5EEC17B-E8A9-4CD2-BE0B-491E70D9F511}.All|x64.Build.0 = Release|Any CPU
		{C5EEC17B-E8A9-4CD2-BE0B-491E70D9F511}.All|x86.ActiveCfg = Release|Any CPU
		{C5EEC17B-E8A9-4CD2-BE0B-491E70D9F511}.All|x86.Build.0 = Release|Any CPU
		{C5EEC17B-E8A9-4CD2-BE0B-491E70D9F511}.Debug|Any CPU.ActiveCfg = Debug|Any CPU
		{C5EEC17B-E8A9-4CD2-BE0B-491E70D9F511}.Debug|Any CPU.Build.0 = Debug|Any CPU
		{C5EEC17B-E8A9-4CD2-BE0B-491E70D9F511}.Debug|ARM.ActiveCfg = Debug|Any CPU
		{C5EEC17B-E8A9-4CD2-BE0B-491E70D9F511}.Debug|ARM.Build.0 = Debug|Any CPU
		{C5EEC17B-E8A9-4CD2-BE0B-491E70D9F511}.Debug|ARM64.ActiveCfg = Debug|Any CPU
		{C5EEC17B-E8A9-4CD2-BE0B-491E70D9F511}.Debug|ARM64.Build.0 = Debug|Any CPU
		{C5EEC17B-E8A9-4CD2-BE0B-491E70D9F511}.Debug|x64.ActiveCfg = Debug|Any CPU
		{C5EEC17B-E8A9-4CD2-BE0B-491E70D9F511}.Debug|x64.Build.0 = Debug|Any CPU
		{C5EEC17B-E8A9-4CD2-BE0B-491E70D9F511}.Debug|x86.ActiveCfg = Debug|Any CPU
		{C5EEC17B-E8A9-4CD2-BE0B-491E70D9F511}.Debug|x86.Build.0 = Debug|Any CPU
		{C5EEC17B-E8A9-4CD2-BE0B-491E70D9F511}.Release|Any CPU.ActiveCfg = Release|Any CPU
		{C5EEC17B-E8A9-4CD2-BE0B-491E70D9F511}.Release|Any CPU.Build.0 = Release|Any CPU
		{C5EEC17B-E8A9-4CD2-BE0B-491E70D9F511}.Release|ARM.ActiveCfg = Release|Any CPU
		{C5EEC17B-E8A9-4CD2-BE0B-491E70D9F511}.Release|ARM.Build.0 = Release|Any CPU
		{C5EEC17B-E8A9-4CD2-BE0B-491E70D9F511}.Release|ARM64.ActiveCfg = Release|Any CPU
		{C5EEC17B-E8A9-4CD2-BE0B-491E70D9F511}.Release|ARM64.Build.0 = Release|Any CPU
		{C5EEC17B-E8A9-4CD2-BE0B-491E70D9F511}.Release|x64.ActiveCfg = Release|Any CPU
		{C5EEC17B-E8A9-4CD2-BE0B-491E70D9F511}.Release|x64.Build.0 = Release|Any CPU
		{C5EEC17B-E8A9-4CD2-BE0B-491E70D9F511}.Release|x86.ActiveCfg = Release|Any CPU
		{C5EEC17B-E8A9-4CD2-BE0B-491E70D9F511}.Release|x86.Build.0 = Release|Any CPU
		{ED2AE201-2F23-44D3-A98A-CEDB0F2C6003}.All|Any CPU.ActiveCfg = Release|Any CPU
		{ED2AE201-2F23-44D3-A98A-CEDB0F2C6003}.All|Any CPU.Build.0 = Release|Any CPU
		{ED2AE201-2F23-44D3-A98A-CEDB0F2C6003}.All|ARM.ActiveCfg = Release|Any CPU
		{ED2AE201-2F23-44D3-A98A-CEDB0F2C6003}.All|ARM.Build.0 = Release|Any CPU
		{ED2AE201-2F23-44D3-A98A-CEDB0F2C6003}.All|ARM64.ActiveCfg = Release|Any CPU
		{ED2AE201-2F23-44D3-A98A-CEDB0F2C6003}.All|ARM64.Build.0 = Release|Any CPU
		{ED2AE201-2F23-44D3-A98A-CEDB0F2C6003}.All|x64.ActiveCfg = Release|Any CPU
		{ED2AE201-2F23-44D3-A98A-CEDB0F2C6003}.All|x64.Build.0 = Release|Any CPU
		{ED2AE201-2F23-44D3-A98A-CEDB0F2C6003}.All|x86.ActiveCfg = Release|Any CPU
		{ED2AE201-2F23-44D3-A98A-CEDB0F2C6003}.All|x86.Build.0 = Release|Any CPU
		{ED2AE201-2F23-44D3-A98A-CEDB0F2C6003}.Debug|Any CPU.ActiveCfg = Debug|Any CPU
		{ED2AE201-2F23-44D3-A98A-CEDB0F2C6003}.Debug|Any CPU.Build.0 = Debug|Any CPU
		{ED2AE201-2F23-44D3-A98A-CEDB0F2C6003}.Debug|ARM.ActiveCfg = Debug|Any CPU
		{ED2AE201-2F23-44D3-A98A-CEDB0F2C6003}.Debug|ARM.Build.0 = Debug|Any CPU
		{ED2AE201-2F23-44D3-A98A-CEDB0F2C6003}.Debug|ARM64.ActiveCfg = Debug|Any CPU
		{ED2AE201-2F23-44D3-A98A-CEDB0F2C6003}.Debug|ARM64.Build.0 = Debug|Any CPU
		{ED2AE201-2F23-44D3-A98A-CEDB0F2C6003}.Debug|x64.ActiveCfg = Debug|Any CPU
		{ED2AE201-2F23-44D3-A98A-CEDB0F2C6003}.Debug|x64.Build.0 = Debug|Any CPU
		{ED2AE201-2F23-44D3-A98A-CEDB0F2C6003}.Debug|x86.ActiveCfg = Debug|Any CPU
		{ED2AE201-2F23-44D3-A98A-CEDB0F2C6003}.Debug|x86.Build.0 = Debug|Any CPU
		{ED2AE201-2F23-44D3-A98A-CEDB0F2C6003}.Release|Any CPU.ActiveCfg = Release|Any CPU
		{ED2AE201-2F23-44D3-A98A-CEDB0F2C6003}.Release|Any CPU.Build.0 = Release|Any CPU
		{ED2AE201-2F23-44D3-A98A-CEDB0F2C6003}.Release|ARM.ActiveCfg = Release|Any CPU
		{ED2AE201-2F23-44D3-A98A-CEDB0F2C6003}.Release|ARM.Build.0 = Release|Any CPU
		{ED2AE201-2F23-44D3-A98A-CEDB0F2C6003}.Release|ARM64.ActiveCfg = Release|Any CPU
		{ED2AE201-2F23-44D3-A98A-CEDB0F2C6003}.Release|ARM64.Build.0 = Release|Any CPU
		{ED2AE201-2F23-44D3-A98A-CEDB0F2C6003}.Release|x64.ActiveCfg = Release|Any CPU
		{ED2AE201-2F23-44D3-A98A-CEDB0F2C6003}.Release|x64.Build.0 = Release|Any CPU
		{ED2AE201-2F23-44D3-A98A-CEDB0F2C6003}.Release|x86.ActiveCfg = Release|Any CPU
		{ED2AE201-2F23-44D3-A98A-CEDB0F2C6003}.Release|x86.Build.0 = Release|Any CPU
		{BB65378F-518E-43E4-A374-592A9FE88E51}.All|Any CPU.ActiveCfg = Release|Any CPU
		{BB65378F-518E-43E4-A374-592A9FE88E51}.All|Any CPU.Build.0 = Release|Any CPU
		{BB65378F-518E-43E4-A374-592A9FE88E51}.All|ARM.ActiveCfg = Release|Any CPU
		{BB65378F-518E-43E4-A374-592A9FE88E51}.All|ARM.Build.0 = Release|Any CPU
		{BB65378F-518E-43E4-A374-592A9FE88E51}.All|ARM64.ActiveCfg = Release|Any CPU
		{BB65378F-518E-43E4-A374-592A9FE88E51}.All|ARM64.Build.0 = Release|Any CPU
		{BB65378F-518E-43E4-A374-592A9FE88E51}.All|x64.ActiveCfg = Release|Any CPU
		{BB65378F-518E-43E4-A374-592A9FE88E51}.All|x64.Build.0 = Release|Any CPU
		{BB65378F-518E-43E4-A374-592A9FE88E51}.All|x86.ActiveCfg = Release|Any CPU
		{BB65378F-518E-43E4-A374-592A9FE88E51}.All|x86.Build.0 = Release|Any CPU
		{BB65378F-518E-43E4-A374-592A9FE88E51}.Debug|Any CPU.ActiveCfg = Debug|Any CPU
		{BB65378F-518E-43E4-A374-592A9FE88E51}.Debug|Any CPU.Build.0 = Debug|Any CPU
		{BB65378F-518E-43E4-A374-592A9FE88E51}.Debug|ARM.ActiveCfg = Debug|Any CPU
		{BB65378F-518E-43E4-A374-592A9FE88E51}.Debug|ARM.Build.0 = Debug|Any CPU
		{BB65378F-518E-43E4-A374-592A9FE88E51}.Debug|ARM64.ActiveCfg = Debug|Any CPU
		{BB65378F-518E-43E4-A374-592A9FE88E51}.Debug|ARM64.Build.0 = Debug|Any CPU
		{BB65378F-518E-43E4-A374-592A9FE88E51}.Debug|x64.ActiveCfg = Debug|Any CPU
		{BB65378F-518E-43E4-A374-592A9FE88E51}.Debug|x64.Build.0 = Debug|Any CPU
		{BB65378F-518E-43E4-A374-592A9FE88E51}.Debug|x86.ActiveCfg = Debug|Any CPU
		{BB65378F-518E-43E4-A374-592A9FE88E51}.Debug|x86.Build.0 = Debug|Any CPU
		{BB65378F-518E-43E4-A374-592A9FE88E51}.Release|Any CPU.ActiveCfg = Release|Any CPU
		{BB65378F-518E-43E4-A374-592A9FE88E51}.Release|Any CPU.Build.0 = Release|Any CPU
		{BB65378F-518E-43E4-A374-592A9FE88E51}.Release|ARM.ActiveCfg = Release|Any CPU
		{BB65378F-518E-43E4-A374-592A9FE88E51}.Release|ARM.Build.0 = Release|Any CPU
		{BB65378F-518E-43E4-A374-592A9FE88E51}.Release|ARM64.ActiveCfg = Release|Any CPU
		{BB65378F-518E-43E4-A374-592A9FE88E51}.Release|ARM64.Build.0 = Release|Any CPU
		{BB65378F-518E-43E4-A374-592A9FE88E51}.Release|x64.ActiveCfg = Release|Any CPU
		{BB65378F-518E-43E4-A374-592A9FE88E51}.Release|x64.Build.0 = Release|Any CPU
		{BB65378F-518E-43E4-A374-592A9FE88E51}.Release|x86.ActiveCfg = Release|Any CPU
		{BB65378F-518E-43E4-A374-592A9FE88E51}.Release|x86.Build.0 = Release|Any CPU
		{D97A8094-EF1F-4CF7-8511-3619B2BAF31A}.All|Any CPU.ActiveCfg = Release|Any CPU
		{D97A8094-EF1F-4CF7-8511-3619B2BAF31A}.All|Any CPU.Build.0 = Release|Any CPU
		{D97A8094-EF1F-4CF7-8511-3619B2BAF31A}.All|ARM.ActiveCfg = Release|Any CPU
		{D97A8094-EF1F-4CF7-8511-3619B2BAF31A}.All|ARM.Build.0 = Release|Any CPU
		{D97A8094-EF1F-4CF7-8511-3619B2BAF31A}.All|ARM64.ActiveCfg = Release|Any CPU
		{D97A8094-EF1F-4CF7-8511-3619B2BAF31A}.All|ARM64.Build.0 = Release|Any CPU
		{D97A8094-EF1F-4CF7-8511-3619B2BAF31A}.All|x64.ActiveCfg = Release|Any CPU
		{D97A8094-EF1F-4CF7-8511-3619B2BAF31A}.All|x64.Build.0 = Release|Any CPU
		{D97A8094-EF1F-4CF7-8511-3619B2BAF31A}.All|x86.ActiveCfg = Release|Any CPU
		{D97A8094-EF1F-4CF7-8511-3619B2BAF31A}.All|x86.Build.0 = Release|Any CPU
		{D97A8094-EF1F-4CF7-8511-3619B2BAF31A}.Debug|Any CPU.ActiveCfg = Debug|Any CPU
		{D97A8094-EF1F-4CF7-8511-3619B2BAF31A}.Debug|Any CPU.Build.0 = Debug|Any CPU
		{D97A8094-EF1F-4CF7-8511-3619B2BAF31A}.Debug|ARM.ActiveCfg = Debug|Any CPU
		{D97A8094-EF1F-4CF7-8511-3619B2BAF31A}.Debug|ARM.Build.0 = Debug|Any CPU
		{D97A8094-EF1F-4CF7-8511-3619B2BAF31A}.Debug|ARM64.ActiveCfg = Debug|Any CPU
		{D97A8094-EF1F-4CF7-8511-3619B2BAF31A}.Debug|ARM64.Build.0 = Debug|Any CPU
		{D97A8094-EF1F-4CF7-8511-3619B2BAF31A}.Debug|x64.ActiveCfg = Debug|Any CPU
		{D97A8094-EF1F-4CF7-8511-3619B2BAF31A}.Debug|x64.Build.0 = Debug|Any CPU
		{D97A8094-EF1F-4CF7-8511-3619B2BAF31A}.Debug|x86.ActiveCfg = Debug|Any CPU
		{D97A8094-EF1F-4CF7-8511-3619B2BAF31A}.Debug|x86.Build.0 = Debug|Any CPU
		{D97A8094-EF1F-4CF7-8511-3619B2BAF31A}.Release|Any CPU.ActiveCfg = Release|Any CPU
		{D97A8094-EF1F-4CF7-8511-3619B2BAF31A}.Release|Any CPU.Build.0 = Release|Any CPU
		{D97A8094-EF1F-4CF7-8511-3619B2BAF31A}.Release|ARM.ActiveCfg = Release|Any CPU
		{D97A8094-EF1F-4CF7-8511-3619B2BAF31A}.Release|ARM.Build.0 = Release|Any CPU
		{D97A8094-EF1F-4CF7-8511-3619B2BAF31A}.Release|ARM64.ActiveCfg = Release|Any CPU
		{D97A8094-EF1F-4CF7-8511-3619B2BAF31A}.Release|ARM64.Build.0 = Release|Any CPU
		{D97A8094-EF1F-4CF7-8511-3619B2BAF31A}.Release|x64.ActiveCfg = Release|Any CPU
		{D97A8094-EF1F-4CF7-8511-3619B2BAF31A}.Release|x64.Build.0 = Release|Any CPU
		{D97A8094-EF1F-4CF7-8511-3619B2BAF31A}.Release|x86.ActiveCfg = Release|Any CPU
		{D97A8094-EF1F-4CF7-8511-3619B2BAF31A}.Release|x86.Build.0 = Release|Any CPU
		{09784F4C-4E89-4AF4-B913-9F05AD714090}.All|Any CPU.ActiveCfg = Release|Any CPU
		{09784F4C-4E89-4AF4-B913-9F05AD714090}.All|Any CPU.Build.0 = Release|Any CPU
		{09784F4C-4E89-4AF4-B913-9F05AD714090}.All|ARM.ActiveCfg = Release|Any CPU
		{09784F4C-4E89-4AF4-B913-9F05AD714090}.All|ARM.Build.0 = Release|Any CPU
		{09784F4C-4E89-4AF4-B913-9F05AD714090}.All|ARM64.ActiveCfg = Release|Any CPU
		{09784F4C-4E89-4AF4-B913-9F05AD714090}.All|ARM64.Build.0 = Release|Any CPU
		{09784F4C-4E89-4AF4-B913-9F05AD714090}.All|x64.ActiveCfg = Release|Any CPU
		{09784F4C-4E89-4AF4-B913-9F05AD714090}.All|x64.Build.0 = Release|Any CPU
		{09784F4C-4E89-4AF4-B913-9F05AD714090}.All|x86.ActiveCfg = Release|Any CPU
		{09784F4C-4E89-4AF4-B913-9F05AD714090}.All|x86.Build.0 = Release|Any CPU
		{09784F4C-4E89-4AF4-B913-9F05AD714090}.Debug|Any CPU.ActiveCfg = Debug|Any CPU
		{09784F4C-4E89-4AF4-B913-9F05AD714090}.Debug|Any CPU.Build.0 = Debug|Any CPU
		{09784F4C-4E89-4AF4-B913-9F05AD714090}.Debug|ARM.ActiveCfg = Debug|Any CPU
		{09784F4C-4E89-4AF4-B913-9F05AD714090}.Debug|ARM.Build.0 = Debug|Any CPU
		{09784F4C-4E89-4AF4-B913-9F05AD714090}.Debug|ARM64.ActiveCfg = Debug|Any CPU
		{09784F4C-4E89-4AF4-B913-9F05AD714090}.Debug|ARM64.Build.0 = Debug|Any CPU
		{09784F4C-4E89-4AF4-B913-9F05AD714090}.Debug|x64.ActiveCfg = Debug|Any CPU
		{09784F4C-4E89-4AF4-B913-9F05AD714090}.Debug|x64.Build.0 = Debug|Any CPU
		{09784F4C-4E89-4AF4-B913-9F05AD714090}.Debug|x86.ActiveCfg = Debug|Any CPU
		{09784F4C-4E89-4AF4-B913-9F05AD714090}.Debug|x86.Build.0 = Debug|Any CPU
		{09784F4C-4E89-4AF4-B913-9F05AD714090}.Release|Any CPU.ActiveCfg = Release|Any CPU
		{09784F4C-4E89-4AF4-B913-9F05AD714090}.Release|Any CPU.Build.0 = Release|Any CPU
		{09784F4C-4E89-4AF4-B913-9F05AD714090}.Release|ARM.ActiveCfg = Release|Any CPU
		{09784F4C-4E89-4AF4-B913-9F05AD714090}.Release|ARM.Build.0 = Release|Any CPU
		{09784F4C-4E89-4AF4-B913-9F05AD714090}.Release|ARM64.ActiveCfg = Release|Any CPU
		{09784F4C-4E89-4AF4-B913-9F05AD714090}.Release|ARM64.Build.0 = Release|Any CPU
		{09784F4C-4E89-4AF4-B913-9F05AD714090}.Release|x64.ActiveCfg = Release|Any CPU
		{09784F4C-4E89-4AF4-B913-9F05AD714090}.Release|x64.Build.0 = Release|Any CPU
		{09784F4C-4E89-4AF4-B913-9F05AD714090}.Release|x86.ActiveCfg = Release|Any CPU
		{09784F4C-4E89-4AF4-B913-9F05AD714090}.Release|x86.Build.0 = Release|Any CPU
		{9072C11E-ED76-4CF8-83A2-FD87E8D43381}.All|Any CPU.ActiveCfg = Release|Any CPU
		{9072C11E-ED76-4CF8-83A2-FD87E8D43381}.All|Any CPU.Build.0 = Release|Any CPU
		{9072C11E-ED76-4CF8-83A2-FD87E8D43381}.All|ARM.ActiveCfg = Release|Any CPU
		{9072C11E-ED76-4CF8-83A2-FD87E8D43381}.All|ARM.Build.0 = Release|Any CPU
		{9072C11E-ED76-4CF8-83A2-FD87E8D43381}.All|ARM64.ActiveCfg = Release|Any CPU
		{9072C11E-ED76-4CF8-83A2-FD87E8D43381}.All|ARM64.Build.0 = Release|Any CPU
		{9072C11E-ED76-4CF8-83A2-FD87E8D43381}.All|x64.ActiveCfg = Release|Any CPU
		{9072C11E-ED76-4CF8-83A2-FD87E8D43381}.All|x64.Build.0 = Release|Any CPU
		{9072C11E-ED76-4CF8-83A2-FD87E8D43381}.All|x86.ActiveCfg = Release|Any CPU
		{9072C11E-ED76-4CF8-83A2-FD87E8D43381}.All|x86.Build.0 = Release|Any CPU
		{9072C11E-ED76-4CF8-83A2-FD87E8D43381}.Debug|Any CPU.ActiveCfg = Debug|Any CPU
		{9072C11E-ED76-4CF8-83A2-FD87E8D43381}.Debug|Any CPU.Build.0 = Debug|Any CPU
		{9072C11E-ED76-4CF8-83A2-FD87E8D43381}.Debug|ARM.ActiveCfg = Debug|Any CPU
		{9072C11E-ED76-4CF8-83A2-FD87E8D43381}.Debug|ARM.Build.0 = Debug|Any CPU
		{9072C11E-ED76-4CF8-83A2-FD87E8D43381}.Debug|ARM64.ActiveCfg = Debug|Any CPU
		{9072C11E-ED76-4CF8-83A2-FD87E8D43381}.Debug|ARM64.Build.0 = Debug|Any CPU
		{9072C11E-ED76-4CF8-83A2-FD87E8D43381}.Debug|x64.ActiveCfg = Debug|Any CPU
		{9072C11E-ED76-4CF8-83A2-FD87E8D43381}.Debug|x64.Build.0 = Debug|Any CPU
		{9072C11E-ED76-4CF8-83A2-FD87E8D43381}.Debug|x86.ActiveCfg = Debug|Any CPU
		{9072C11E-ED76-4CF8-83A2-FD87E8D43381}.Debug|x86.Build.0 = Debug|Any CPU
		{9072C11E-ED76-4CF8-83A2-FD87E8D43381}.Release|Any CPU.ActiveCfg = Release|Any CPU
		{9072C11E-ED76-4CF8-83A2-FD87E8D43381}.Release|Any CPU.Build.0 = Release|Any CPU
		{9072C11E-ED76-4CF8-83A2-FD87E8D43381}.Release|ARM.ActiveCfg = Release|Any CPU
		{9072C11E-ED76-4CF8-83A2-FD87E8D43381}.Release|ARM.Build.0 = Release|Any CPU
		{9072C11E-ED76-4CF8-83A2-FD87E8D43381}.Release|ARM64.ActiveCfg = Release|Any CPU
		{9072C11E-ED76-4CF8-83A2-FD87E8D43381}.Release|ARM64.Build.0 = Release|Any CPU
		{9072C11E-ED76-4CF8-83A2-FD87E8D43381}.Release|x64.ActiveCfg = Release|Any CPU
		{9072C11E-ED76-4CF8-83A2-FD87E8D43381}.Release|x64.Build.0 = Release|Any CPU
		{9072C11E-ED76-4CF8-83A2-FD87E8D43381}.Release|x86.ActiveCfg = Release|Any CPU
		{9072C11E-ED76-4CF8-83A2-FD87E8D43381}.Release|x86.Build.0 = Release|Any CPU
		{8659027C-E4DA-40D3-B081-FFF37BDFD73F}.All|Any CPU.ActiveCfg = Release|Any CPU
		{8659027C-E4DA-40D3-B081-FFF37BDFD73F}.All|Any CPU.Build.0 = Release|Any CPU
		{8659027C-E4DA-40D3-B081-FFF37BDFD73F}.All|ARM.ActiveCfg = Release|Any CPU
		{8659027C-E4DA-40D3-B081-FFF37BDFD73F}.All|ARM.Build.0 = Release|Any CPU
		{8659027C-E4DA-40D3-B081-FFF37BDFD73F}.All|ARM64.ActiveCfg = Release|Any CPU
		{8659027C-E4DA-40D3-B081-FFF37BDFD73F}.All|ARM64.Build.0 = Release|Any CPU
		{8659027C-E4DA-40D3-B081-FFF37BDFD73F}.All|x64.ActiveCfg = Release|Any CPU
		{8659027C-E4DA-40D3-B081-FFF37BDFD73F}.All|x64.Build.0 = Release|Any CPU
		{8659027C-E4DA-40D3-B081-FFF37BDFD73F}.All|x86.ActiveCfg = Release|Any CPU
		{8659027C-E4DA-40D3-B081-FFF37BDFD73F}.All|x86.Build.0 = Release|Any CPU
		{8659027C-E4DA-40D3-B081-FFF37BDFD73F}.Debug|Any CPU.ActiveCfg = Debug|Any CPU
		{8659027C-E4DA-40D3-B081-FFF37BDFD73F}.Debug|Any CPU.Build.0 = Debug|Any CPU
		{8659027C-E4DA-40D3-B081-FFF37BDFD73F}.Debug|ARM.ActiveCfg = Debug|Any CPU
		{8659027C-E4DA-40D3-B081-FFF37BDFD73F}.Debug|ARM.Build.0 = Debug|Any CPU
		{8659027C-E4DA-40D3-B081-FFF37BDFD73F}.Debug|ARM64.ActiveCfg = Debug|Any CPU
		{8659027C-E4DA-40D3-B081-FFF37BDFD73F}.Debug|ARM64.Build.0 = Debug|Any CPU
		{8659027C-E4DA-40D3-B081-FFF37BDFD73F}.Debug|x64.ActiveCfg = Debug|Any CPU
		{8659027C-E4DA-40D3-B081-FFF37BDFD73F}.Debug|x64.Build.0 = Debug|Any CPU
		{8659027C-E4DA-40D3-B081-FFF37BDFD73F}.Debug|x86.ActiveCfg = Debug|Any CPU
		{8659027C-E4DA-40D3-B081-FFF37BDFD73F}.Debug|x86.Build.0 = Debug|Any CPU
		{8659027C-E4DA-40D3-B081-FFF37BDFD73F}.Release|Any CPU.ActiveCfg = Release|Any CPU
		{8659027C-E4DA-40D3-B081-FFF37BDFD73F}.Release|Any CPU.Build.0 = Release|Any CPU
		{8659027C-E4DA-40D3-B081-FFF37BDFD73F}.Release|ARM.ActiveCfg = Release|Any CPU
		{8659027C-E4DA-40D3-B081-FFF37BDFD73F}.Release|ARM.Build.0 = Release|Any CPU
		{8659027C-E4DA-40D3-B081-FFF37BDFD73F}.Release|ARM64.ActiveCfg = Release|Any CPU
		{8659027C-E4DA-40D3-B081-FFF37BDFD73F}.Release|ARM64.Build.0 = Release|Any CPU
		{8659027C-E4DA-40D3-B081-FFF37BDFD73F}.Release|x64.ActiveCfg = Release|Any CPU
		{8659027C-E4DA-40D3-B081-FFF37BDFD73F}.Release|x64.Build.0 = Release|Any CPU
		{8659027C-E4DA-40D3-B081-FFF37BDFD73F}.Release|x86.ActiveCfg = Release|Any CPU
		{8659027C-E4DA-40D3-B081-FFF37BDFD73F}.Release|x86.Build.0 = Release|Any CPU
		{5343A313-4D8D-4B14-8DF4-B575F8E06E74}.All|Any CPU.ActiveCfg = Release|Any CPU
		{5343A313-4D8D-4B14-8DF4-B575F8E06E74}.All|Any CPU.Build.0 = Release|Any CPU
		{5343A313-4D8D-4B14-8DF4-B575F8E06E74}.All|ARM.ActiveCfg = Release|Any CPU
		{5343A313-4D8D-4B14-8DF4-B575F8E06E74}.All|ARM.Build.0 = Release|Any CPU
		{5343A313-4D8D-4B14-8DF4-B575F8E06E74}.All|ARM64.ActiveCfg = Release|Any CPU
		{5343A313-4D8D-4B14-8DF4-B575F8E06E74}.All|ARM64.Build.0 = Release|Any CPU
		{5343A313-4D8D-4B14-8DF4-B575F8E06E74}.All|x64.ActiveCfg = Release|Any CPU
		{5343A313-4D8D-4B14-8DF4-B575F8E06E74}.All|x64.Build.0 = Release|Any CPU
		{5343A313-4D8D-4B14-8DF4-B575F8E06E74}.All|x86.ActiveCfg = Release|Any CPU
		{5343A313-4D8D-4B14-8DF4-B575F8E06E74}.All|x86.Build.0 = Release|Any CPU
		{5343A313-4D8D-4B14-8DF4-B575F8E06E74}.Debug|Any CPU.ActiveCfg = Debug|Any CPU
		{5343A313-4D8D-4B14-8DF4-B575F8E06E74}.Debug|Any CPU.Build.0 = Debug|Any CPU
		{5343A313-4D8D-4B14-8DF4-B575F8E06E74}.Debug|ARM.ActiveCfg = Debug|Any CPU
		{5343A313-4D8D-4B14-8DF4-B575F8E06E74}.Debug|ARM.Build.0 = Debug|Any CPU
		{5343A313-4D8D-4B14-8DF4-B575F8E06E74}.Debug|ARM64.ActiveCfg = Debug|Any CPU
		{5343A313-4D8D-4B14-8DF4-B575F8E06E74}.Debug|ARM64.Build.0 = Debug|Any CPU
		{5343A313-4D8D-4B14-8DF4-B575F8E06E74}.Debug|x64.ActiveCfg = Debug|Any CPU
		{5343A313-4D8D-4B14-8DF4-B575F8E06E74}.Debug|x64.Build.0 = Debug|Any CPU
		{5343A313-4D8D-4B14-8DF4-B575F8E06E74}.Debug|x86.ActiveCfg = Debug|Any CPU
		{5343A313-4D8D-4B14-8DF4-B575F8E06E74}.Debug|x86.Build.0 = Debug|Any CPU
		{5343A313-4D8D-4B14-8DF4-B575F8E06E74}.Release|Any CPU.ActiveCfg = Release|Any CPU
		{5343A313-4D8D-4B14-8DF4-B575F8E06E74}.Release|Any CPU.Build.0 = Release|Any CPU
		{5343A313-4D8D-4B14-8DF4-B575F8E06E74}.Release|ARM.ActiveCfg = Release|Any CPU
		{5343A313-4D8D-4B14-8DF4-B575F8E06E74}.Release|ARM.Build.0 = Release|Any CPU
		{5343A313-4D8D-4B14-8DF4-B575F8E06E74}.Release|ARM64.ActiveCfg = Release|Any CPU
		{5343A313-4D8D-4B14-8DF4-B575F8E06E74}.Release|ARM64.Build.0 = Release|Any CPU
		{5343A313-4D8D-4B14-8DF4-B575F8E06E74}.Release|x64.ActiveCfg = Release|Any CPU
		{5343A313-4D8D-4B14-8DF4-B575F8E06E74}.Release|x64.Build.0 = Release|Any CPU
		{5343A313-4D8D-4B14-8DF4-B575F8E06E74}.Release|x86.ActiveCfg = Release|Any CPU
		{5343A313-4D8D-4B14-8DF4-B575F8E06E74}.Release|x86.Build.0 = Release|Any CPU
		{7A413D70-1B2A-4118-ADEE-09A86D6D5C34}.All|Any CPU.ActiveCfg = Release|Any CPU
		{7A413D70-1B2A-4118-ADEE-09A86D6D5C34}.All|Any CPU.Build.0 = Release|Any CPU
		{7A413D70-1B2A-4118-ADEE-09A86D6D5C34}.All|ARM.ActiveCfg = Release|Any CPU
		{7A413D70-1B2A-4118-ADEE-09A86D6D5C34}.All|ARM.Build.0 = Release|Any CPU
		{7A413D70-1B2A-4118-ADEE-09A86D6D5C34}.All|ARM64.ActiveCfg = Release|Any CPU
		{7A413D70-1B2A-4118-ADEE-09A86D6D5C34}.All|ARM64.Build.0 = Release|Any CPU
		{7A413D70-1B2A-4118-ADEE-09A86D6D5C34}.All|x64.ActiveCfg = Release|Any CPU
		{7A413D70-1B2A-4118-ADEE-09A86D6D5C34}.All|x64.Build.0 = Release|Any CPU
		{7A413D70-1B2A-4118-ADEE-09A86D6D5C34}.All|x86.ActiveCfg = Release|Any CPU
		{7A413D70-1B2A-4118-ADEE-09A86D6D5C34}.All|x86.Build.0 = Release|Any CPU
		{7A413D70-1B2A-4118-ADEE-09A86D6D5C34}.Debug|Any CPU.ActiveCfg = Debug|Any CPU
		{7A413D70-1B2A-4118-ADEE-09A86D6D5C34}.Debug|Any CPU.Build.0 = Debug|Any CPU
		{7A413D70-1B2A-4118-ADEE-09A86D6D5C34}.Debug|ARM.ActiveCfg = Debug|Any CPU
		{7A413D70-1B2A-4118-ADEE-09A86D6D5C34}.Debug|ARM.Build.0 = Debug|Any CPU
		{7A413D70-1B2A-4118-ADEE-09A86D6D5C34}.Debug|ARM64.ActiveCfg = Debug|Any CPU
		{7A413D70-1B2A-4118-ADEE-09A86D6D5C34}.Debug|ARM64.Build.0 = Debug|Any CPU
		{7A413D70-1B2A-4118-ADEE-09A86D6D5C34}.Debug|x64.ActiveCfg = Debug|Any CPU
		{7A413D70-1B2A-4118-ADEE-09A86D6D5C34}.Debug|x64.Build.0 = Debug|Any CPU
		{7A413D70-1B2A-4118-ADEE-09A86D6D5C34}.Debug|x86.ActiveCfg = Debug|Any CPU
		{7A413D70-1B2A-4118-ADEE-09A86D6D5C34}.Debug|x86.Build.0 = Debug|Any CPU
		{7A413D70-1B2A-4118-ADEE-09A86D6D5C34}.Release|Any CPU.ActiveCfg = Release|Any CPU
		{7A413D70-1B2A-4118-ADEE-09A86D6D5C34}.Release|Any CPU.Build.0 = Release|Any CPU
		{7A413D70-1B2A-4118-ADEE-09A86D6D5C34}.Release|ARM.ActiveCfg = Release|Any CPU
		{7A413D70-1B2A-4118-ADEE-09A86D6D5C34}.Release|ARM.Build.0 = Release|Any CPU
		{7A413D70-1B2A-4118-ADEE-09A86D6D5C34}.Release|ARM64.ActiveCfg = Release|Any CPU
		{7A413D70-1B2A-4118-ADEE-09A86D6D5C34}.Release|ARM64.Build.0 = Release|Any CPU
		{7A413D70-1B2A-4118-ADEE-09A86D6D5C34}.Release|x64.ActiveCfg = Release|Any CPU
		{7A413D70-1B2A-4118-ADEE-09A86D6D5C34}.Release|x64.Build.0 = Release|Any CPU
		{7A413D70-1B2A-4118-ADEE-09A86D6D5C34}.Release|x86.ActiveCfg = Release|Any CPU
		{7A413D70-1B2A-4118-ADEE-09A86D6D5C34}.Release|x86.Build.0 = Release|Any CPU
		{91307FB8-11E4-4265-8037-C21EA67915CA}.All|Any CPU.ActiveCfg = Debug|Any CPU
		{91307FB8-11E4-4265-8037-C21EA67915CA}.All|Any CPU.Build.0 = Debug|Any CPU
		{91307FB8-11E4-4265-8037-C21EA67915CA}.All|Any CPU.Deploy.0 = Debug|Any CPU
		{91307FB8-11E4-4265-8037-C21EA67915CA}.All|ARM.ActiveCfg = Release|ARM
		{91307FB8-11E4-4265-8037-C21EA67915CA}.All|ARM.Build.0 = Release|ARM
		{91307FB8-11E4-4265-8037-C21EA67915CA}.All|ARM.Deploy.0 = Release|ARM
		{91307FB8-11E4-4265-8037-C21EA67915CA}.All|ARM64.ActiveCfg = Release|ARM64
		{91307FB8-11E4-4265-8037-C21EA67915CA}.All|ARM64.Build.0 = Release|ARM64
		{91307FB8-11E4-4265-8037-C21EA67915CA}.All|ARM64.Deploy.0 = Release|ARM64
		{91307FB8-11E4-4265-8037-C21EA67915CA}.All|x64.ActiveCfg = Release|x64
		{91307FB8-11E4-4265-8037-C21EA67915CA}.All|x64.Build.0 = Release|x64
		{91307FB8-11E4-4265-8037-C21EA67915CA}.All|x64.Deploy.0 = Release|x64
		{91307FB8-11E4-4265-8037-C21EA67915CA}.All|x86.ActiveCfg = Release|x86
		{91307FB8-11E4-4265-8037-C21EA67915CA}.All|x86.Build.0 = Release|x86
		{91307FB8-11E4-4265-8037-C21EA67915CA}.All|x86.Deploy.0 = Release|x86
		{91307FB8-11E4-4265-8037-C21EA67915CA}.Debug|Any CPU.ActiveCfg = Debug|Any CPU
		{91307FB8-11E4-4265-8037-C21EA67915CA}.Debug|Any CPU.Build.0 = Debug|Any CPU
		{91307FB8-11E4-4265-8037-C21EA67915CA}.Debug|Any CPU.Deploy.0 = Debug|Any CPU
		{91307FB8-11E4-4265-8037-C21EA67915CA}.Debug|ARM.ActiveCfg = Debug|ARM
		{91307FB8-11E4-4265-8037-C21EA67915CA}.Debug|ARM.Build.0 = Debug|ARM
		{91307FB8-11E4-4265-8037-C21EA67915CA}.Debug|ARM.Deploy.0 = Debug|ARM
		{91307FB8-11E4-4265-8037-C21EA67915CA}.Debug|ARM64.ActiveCfg = Debug|ARM64
		{91307FB8-11E4-4265-8037-C21EA67915CA}.Debug|ARM64.Build.0 = Debug|ARM64
		{91307FB8-11E4-4265-8037-C21EA67915CA}.Debug|ARM64.Deploy.0 = Debug|ARM64
		{91307FB8-11E4-4265-8037-C21EA67915CA}.Debug|x64.ActiveCfg = Debug|x64
		{91307FB8-11E4-4265-8037-C21EA67915CA}.Debug|x64.Build.0 = Debug|x64
		{91307FB8-11E4-4265-8037-C21EA67915CA}.Debug|x64.Deploy.0 = Debug|x64
		{91307FB8-11E4-4265-8037-C21EA67915CA}.Debug|x86.ActiveCfg = Debug|x86
		{91307FB8-11E4-4265-8037-C21EA67915CA}.Debug|x86.Build.0 = Debug|x86
		{91307FB8-11E4-4265-8037-C21EA67915CA}.Debug|x86.Deploy.0 = Debug|x86
		{91307FB8-11E4-4265-8037-C21EA67915CA}.Release|Any CPU.ActiveCfg = Release|Any CPU
		{91307FB8-11E4-4265-8037-C21EA67915CA}.Release|Any CPU.Build.0 = Release|Any CPU
		{91307FB8-11E4-4265-8037-C21EA67915CA}.Release|Any CPU.Deploy.0 = Release|Any CPU
		{91307FB8-11E4-4265-8037-C21EA67915CA}.Release|ARM.ActiveCfg = Release|ARM
		{91307FB8-11E4-4265-8037-C21EA67915CA}.Release|ARM.Build.0 = Release|ARM
		{91307FB8-11E4-4265-8037-C21EA67915CA}.Release|ARM.Deploy.0 = Release|ARM
		{91307FB8-11E4-4265-8037-C21EA67915CA}.Release|ARM64.ActiveCfg = Release|ARM64
		{91307FB8-11E4-4265-8037-C21EA67915CA}.Release|ARM64.Build.0 = Release|ARM64
		{91307FB8-11E4-4265-8037-C21EA67915CA}.Release|ARM64.Deploy.0 = Release|ARM64
		{91307FB8-11E4-4265-8037-C21EA67915CA}.Release|x64.ActiveCfg = Release|x64
		{91307FB8-11E4-4265-8037-C21EA67915CA}.Release|x64.Build.0 = Release|x64
		{91307FB8-11E4-4265-8037-C21EA67915CA}.Release|x64.Deploy.0 = Release|x64
		{91307FB8-11E4-4265-8037-C21EA67915CA}.Release|x86.ActiveCfg = Release|x86
		{91307FB8-11E4-4265-8037-C21EA67915CA}.Release|x86.Build.0 = Release|x86
		{91307FB8-11E4-4265-8037-C21EA67915CA}.Release|x86.Deploy.0 = Release|x86
	EndGlobalSection
	GlobalSection(SolutionProperties) = preSolution
		HideSolutionNode = FALSE
	EndGlobalSection
	GlobalSection(ExtensibilityGlobals) = postSolution
		SolutionGuid = {12F1FD28-C3DA-4E79-B1AB-CBD4EE7F10C3}
	EndGlobalSection
EndGlobal
